
Microsoft Visual Studio Solution File, Format Version 12.00
# Visual Studio Version 17
VisualStudioVersion = 17.10.35013.160
MinimumVisualStudioVersion = 10.0.40219.1
Project("{9A19103F-16F7-4668-BE54-9A1E7A4F7556}") = "Cinema.API", "Cinema.API\Cinema.API.csproj", "{EB0C0778-9E98-4899-BD2B-485456C10838}"
EndProject
Project("{FAE04EC0-301F-11D3-BF4B-00C04F79EFBC}") = "Cinema.DataAccess", "Cinema.DataAccess\Cinema.DataAccess.csproj", "{620634C8-6A61-4ECD-A422-F8EFD8C02CFA}"
EndProject
Project("{FAE04EC0-301F-11D3-BF4B-00C04F79EFBC}") = "Cinema.DTOs", "Cinema.DTOs\Cinema.DTOs.csproj", "{9A021A77-3E83-484D-9843-3424E6B8F5AC}"
EndProject
Project("{FAE04EC0-301F-11D3-BF4B-00C04F79EFBC}") = "Cinema.Web", "Cinema.Web\Cinema.Web.csproj", "{F0771599-D5A7-4F2E-9298-8760160D96AF}"
EndProject
Global
	GlobalSection(SolutionConfigurationPlatforms) = preSolution
		Debug|Any CPU = Debug|Any CPU
		Release|Any CPU = Release|Any CPU
	EndGlobalSection
	GlobalSection(ProjectConfigurationPlatforms) = postSolution
		{EB0C0778-9E98-4899-BD2B-485456C10838}.Debug|Any CPU.ActiveCfg = Debug|Any CPU
		{EB0C0778-9E98-4899-BD2B-485456C10838}.Debug|Any CPU.Build.0 = Debug|Any CPU
		{EB0C0778-9E98-4899-BD2B-485456C10838}.Release|Any CPU.ActiveCfg = Release|Any CPU
		{EB0C0778-9E98-4899-BD2B-485456C10838}.Release|Any CPU.Build.0 = Release|Any CPU
		{620634C8-6A61-4ECD-A422-F8EFD8C02CFA}.Debug|Any CPU.ActiveCfg = Debug|Any CPU
		{620634C8-6A61-4ECD-A422-F8EFD8C02CFA}.Debug|Any CPU.Build.0 = Debug|Any CPU
		{620634C8-6A61-4ECD-A422-F8EFD8C02CFA}.Release|Any CPU.ActiveCfg = Release|Any CPU
		{620634C8-6A61-4ECD-A422-F8EFD8C02CFA}.Release|Any CPU.Build.0 = Release|Any CPU
		{9A021A77-3E83-484D-9843-3424E6B8F5AC}.Debug|Any CPU.ActiveCfg = Debug|Any CPU
		{9A021A77-3E83-484D-9843-3424E6B8F5AC}.Debug|Any CPU.Build.0 = Debug|Any CPU
		{9A021A77-3E83-484D-9843-3424E6B8F5AC}.Release|Any CPU.ActiveCfg = Release|Any CPU
		{9A021A77-3E83-484D-9843-3424E6B8F5AC}.Release|Any CPU.Build.0 = Release|Any CPU
		{F0771599-D5A7-4F2E-9298-8760160D96AF}.Debug|Any CPU.ActiveCfg = Debug|Any CPU
		{F0771599-D5A7-4F2E-9298-8760160D96AF}.Debug|Any CPU.Build.0 = Debug|Any CPU
		{F0771599-D5A7-4F2E-9298-8760160D96AF}.Release|Any CPU.ActiveCfg = Release|Any CPU
		{F0771599-D5A7-4F2E-9298-8760160D96AF}.Release|Any CPU.Build.0 = Release|Any CPU
	EndGlobalSection
	GlobalSection(SolutionProperties) = preSolution
		HideSolutionNode = FALSE
	EndGlobalSection
	GlobalSection(ExtensibilityGlobals) = postSolution
		SolutionGuid = {0D0476A7-DE93-423E-A78C-70CA13077BB1}
	EndGlobalSection
EndGlobal
